
Microsoft Visual Studio Solution File, Format Version 12.00
# Visual Studio 2012
Project("{888888A0-9F3D-457C-B088-3A5042F75D52}") = "OkTrade", "OkTrade\OkTrade.pyproj", "{94534BE1-376E-407E-9851-AD608C123BF3}"
EndProject
Project("{888888A0-9F3D-457C-B088-3A5042F75D52}") = "testOk", "testOk\testOk.pyproj", "{41EA9888-0734-4E36-80DB-1DEEE79DF580}"
EndProject
Global
	GlobalSection(SolutionConfigurationPlatforms) = preSolution
		Debug|Any CPU = Debug|Any CPU
		Release|Any CPU = Release|Any CPU
	EndGlobalSection
	GlobalSection(ProjectConfigurationPlatforms) = postSolution
		{94534BE1-376E-407E-9851-AD608C123BF3}.Debug|Any CPU.ActiveCfg = Debug|Any CPU
		{94534BE1-376E-407E-9851-AD608C123BF3}.Debug|Any CPU.Build.0 = Debug|Any CPU
		{94534BE1-376E-407E-9851-AD608C123BF3}.Release|Any CPU.ActiveCfg = Release|Any CPU
		{94534BE1-376E-407E-9851-AD608C123BF3}.Release|Any CPU.Build.0 = Release|Any CPU
		{41EA9888-0734-4E36-80DB-1DEEE79DF580}.Debug|Any CPU.ActiveCfg = Debug|Any CPU
		{41EA9888-0734-4E36-80DB-1DEEE79DF580}.Debug|Any CPU.Build.0 = Debug|Any CPU
		{41EA9888-0734-4E36-80DB-1DEEE79DF580}.Release|Any CPU.ActiveCfg = Release|Any CPU
		{41EA9888-0734-4E36-80DB-1DEEE79DF580}.Release|Any CPU.Build.0 = Release|Any CPU
	EndGlobalSection
	GlobalSection(SolutionProperties) = preSolution
		HideSolutionNode = FALSE
	EndGlobalSection
EndGlobal
